
Microsoft Visual Studio Solution File, Format Version 12.00
# Visual Studio Version 17
VisualStudioVersion = 17.5.33414.496
MinimumVisualStudioVersion = 10.0.40219.1
Project("{FAE04EC0-301F-11D3-BF4B-00C04F79EFBC}") = "Book", "Book.csproj", "{C4E76B4D-2AC3-41F6-9F8C-61EE9B8FBFD6}"
EndProject
Global
	GlobalSection(SolutionConfigurationPlatforms) = preSolution
		Debug|Any CPU = Debug|Any CPU
		Release|Any CPU = Release|Any CPU
	EndGlobalSection
	GlobalSection(ProjectConfigurationPlatforms) = postSolution
		{C4E76B4D-2AC3-41F6-9F8C-61EE9B8FBFD6}.Debug|Any CPU.ActiveCfg = Debug|Any CPU
		{C4E76B4D-2AC3-41F6-9F8C-61EE9B8FBFD6}.Debug|Any CPU.Build.0 = Debug|Any CPU
		{C4E76B4D-2AC3-41F6-9F8C-61EE9B8FBFD6}.Release|Any CPU.ActiveCfg = Release|Any CPU
		{C4E76B4D-2AC3-41F6-9F8C-61EE9B8FBFD6}.Release|Any CPU.Build.0 = Release|Any CPU
	EndGlobalSection
	GlobalSection(SolutionProperties) = preSolution
		HideSolutionNode = FALSE
	EndGlobalSection
	GlobalSection(ExtensibilityGlobals) = postSolution
		SolutionGuid = {A9D17433-778B-474D-8E73-851E8D2B192E}
	EndGlobalSection
EndGlobal
